
Microsoft Visual Studio Solution File, Format Version 12.00
# Visual Studio Version 17
VisualStudioVersion = 17.9.34728.123
MinimumVisualStudioVersion = 10.0.40219.1
Project("{FAE04EC0-301F-11D3-BF4B-00C04F79EFBC}") = "TaskManagement", "TaskManagement\TaskManagement.csproj", "{B36F4D50-9C1F-4F7A-BF01-D2645796E06B}"
EndProject
Global
	GlobalSection(SolutionConfigurationPlatforms) = preSolution
		Debug|Any CPU = Debug|Any CPU
		Release|Any CPU = Release|Any CPU
	EndGlobalSection
	GlobalSection(ProjectConfigurationPlatforms) = postSolution
		{B36F4D50-9C1F-4F7A-BF01-D2645796E06B}.Debug|Any CPU.ActiveCfg = Debug|Any CPU
		{B36F4D50-9C1F-4F7A-BF01-D2645796E06B}.Debug|Any CPU.Build.0 = Debug|Any CPU
		{B36F4D50-9C1F-4F7A-BF01-D2645796E06B}.Release|Any CPU.ActiveCfg = Release|Any CPU
		{B36F4D50-9C1F-4F7A-BF01-D2645796E06B}.Release|Any CPU.Build.0 = Release|Any CPU
	EndGlobalSection
	GlobalSection(SolutionProperties) = preSolution
		HideSolutionNode = FALSE
	EndGlobalSection
	GlobalSection(ExtensibilityGlobals) = postSolution
		SolutionGuid = {0BB11911-04B7-461D-B91F-82CC589F18D9}
	EndGlobalSection
EndGlobal
